{
  "name": "test",
  "version": "1.0.0",
  "lockfileVersion": 1,
  "requires": true,
  "dependencies": {
    "zax-url": {
      "version": "1.0.14",
      "resolved": "https://registry.npmjs.org/zax-url/-/zax-url-1.0.14.tgz",
      "integrity": "sha512-ZSiwYo2pv6BDpKm/7lLwjRofkli+WKVb3Y9aNfBPW3CX+5aeNF3jCoQGD0ydPI22t1an5tQPW2pm//4tW/e+Aw=="
    }
  }
}
