{
  "name": "test",
  "version": "1.0.0",
  "lockfileVersion": 1,
  "requires": true,
  "dependencies": {
    "zax-url": {
      "version": "1.0.11",
      "resolved": "https://registry.npmjs.org/zax-url/-/zax-url-1.0.11.tgz",
      "integrity": "sha512-eC6KOIGS14i/plYtWThCJ94uqvZfQqJXuUF63io2vSJBt5uxMnoXS4A9oE2Q1+heNtt5wkbv4o3CYiBho2zb+g=="
    }
  }
}
