{
  "name": "test",
  "version": "1.0.0",
  "lockfileVersion": 1,
  "requires": true,
  "dependencies": {
    "zax-url": {
      "version": "1.0.8",
      "resolved": "https://npm.zhonganonline.com/zax-url/-/zax-url-1.0.8.tgz",
      "integrity": "sha512-Y+GTtgiz2UaZrAd95svkQGn8DUbx935Vgddy8wdOeCQp21qVQnzGb/R3F98xuWU2EqZZezQHgf/ThLERoPEaag=="
    }
  }
}
